
Microsoft Visual Studio Solution File, Format Version 12.00
# Visual Studio Version 16
VisualStudioVersion = 16.0.35826.135
MinimumVisualStudioVersion = 10.0.40219.1
Project("{FAE04EC0-301F-11D3-BF4B-00C04F79EFBC}") = "Avonford_Secondary_School", "Avonford_Secondary_School\Avonford_Secondary_School.csproj", "{04AA7C32-148D-4074-AED4-7CFE7E16BE3C}"
EndProject
Global
	GlobalSection(SolutionConfigurationPlatforms) = preSolution
		Debug|Any CPU = Debug|Any CPU
		Release|Any CPU = Release|Any CPU
	EndGlobalSection
	GlobalSection(ProjectConfigurationPlatforms) = postSolution
		{04AA7C32-148D-4074-AED4-7CFE7E16BE3C}.Debug|Any CPU.ActiveCfg = Debug|Any CPU
		{04AA7C32-148D-4074-AED4-7CFE7E16BE3C}.Debug|Any CPU.Build.0 = Debug|Any CPU
		{04AA7C32-148D-4074-AED4-7CFE7E16BE3C}.Release|Any CPU.ActiveCfg = Release|Any CPU
		{04AA7C32-148D-4074-AED4-7CFE7E16BE3C}.Release|Any CPU.Build.0 = Release|Any CPU
	EndGlobalSection
	GlobalSection(SolutionProperties) = preSolution
		HideSolutionNode = FALSE
	EndGlobalSection
	GlobalSection(ExtensibilityGlobals) = postSolution
		SolutionGuid = {08857266-60E7-4C0A-A6E6-1D271FC41708}
	EndGlobalSection
EndGlobal
